
Microsoft Visual Studio Solution File, Format Version 12.00
# Visual Studio Version 17
VisualStudioVersion = 17.3.32825.248
MinimumVisualStudioVersion = 10.0.40219.1
Project("{FAE04EC0-301F-11D3-BF4B-00C04F79EFBC}") = "Shapes", "Shapes\Shapes.csproj", "{1FF60147-C3D2-423B-B842-884B49DBA7FD}"
EndProject
Project("{FAE04EC0-301F-11D3-BF4B-00C04F79EFBC}") = "Cars", "Cars\Cars.csproj", "{4CF08D8F-BD15-4441-A73F-154F93286527}"
EndProject
Global
	GlobalSection(SolutionConfigurationPlatforms) = preSolution
		Debug|Any CPU = Debug|Any CPU
		Release|Any CPU = Release|Any CPU
	EndGlobalSection
	GlobalSection(ProjectConfigurationPlatforms) = postSolution
		{1FF60147-C3D2-423B-B842-884B49DBA7FD}.Debug|Any CPU.ActiveCfg = Debug|Any CPU
		{1FF60147-C3D2-423B-B842-884B49DBA7FD}.Debug|Any CPU.Build.0 = Debug|Any CPU
		{1FF60147-C3D2-423B-B842-884B49DBA7FD}.Release|Any CPU.ActiveCfg = Release|Any CPU
		{1FF60147-C3D2-423B-B842-884B49DBA7FD}.Release|Any CPU.Build.0 = Release|Any CPU
		{4CF08D8F-BD15-4441-A73F-154F93286527}.Debug|Any CPU.ActiveCfg = Debug|Any CPU
		{4CF08D8F-BD15-4441-A73F-154F93286527}.Debug|Any CPU.Build.0 = Debug|Any CPU
		{4CF08D8F-BD15-4441-A73F-154F93286527}.Release|Any CPU.ActiveCfg = Release|Any CPU
		{4CF08D8F-BD15-4441-A73F-154F93286527}.Release|Any CPU.Build.0 = Release|Any CPU
	EndGlobalSection
	GlobalSection(SolutionProperties) = preSolution
		HideSolutionNode = FALSE
	EndGlobalSection
	GlobalSection(ExtensibilityGlobals) = postSolution
		SolutionGuid = {9FDD0984-D61E-4DA0-A798-E4C9D937BC1E}
	EndGlobalSection
EndGlobal
